schema: '2.0'
stages:
  stage_01:
    cmd: python stage_01.py
    deps:
    - path: stage_01.py
      md5: b1f3a31ac03c02eef0128983f53e6b41
      size: 131
    outs:
    - path: artifacts01.txt
      md5: a690a7ac0bdd2f985fd0accab871c5ea
      size: 34
  stage_02:
    cmd: python stage_02.py
    deps:
    - path: artifacts01.txt
      md5: a690a7ac0bdd2f985fd0accab871c5ea
      size: 34
    - path: stage_02.py
      md5: 0befef2a4fac799eb679a14b45bc7988
      size: 167
    outs:
    - path: artifacts02.txt
      md5: 3f261721bb6f71c81f26b556f5ad5143
      size: 44
  stage_03:
    cmd: python stage_03.py
    deps:
    - path: artifacts02.txt
      md5: 3f261721bb6f71c81f26b556f5ad5143
      size: 44
    - path: stage_03.py
      md5: 0996ef3b84e04763d4d51675a5994e8a
      size: 105
